
Microsoft Visual Studio Solution File, Format Version 12.00
# Visual Studio 2012
Project("{FAE04EC0-301F-11D3-BF4B-00C04F79EFBC}") = "Prueba", "Prueba\Prueba.csproj", "{CA5CFD8A-F2D3-46CF-8C8C-FC952162CB02}"
EndProject
Global
	GlobalSection(SolutionConfigurationPlatforms) = preSolution
		Debug|Any CPU = Debug|Any CPU
		Release|Any CPU = Release|Any CPU
	EndGlobalSection
	GlobalSection(ProjectConfigurationPlatforms) = postSolution
		{CA5CFD8A-F2D3-46CF-8C8C-FC952162CB02}.Debug|Any CPU.ActiveCfg = Debug|Any CPU
		{CA5CFD8A-F2D3-46CF-8C8C-FC952162CB02}.Debug|Any CPU.Build.0 = Debug|Any CPU
		{CA5CFD8A-F2D3-46CF-8C8C-FC952162CB02}.Release|Any CPU.ActiveCfg = Release|Any CPU
		{CA5CFD8A-F2D3-46CF-8C8C-FC952162CB02}.Release|Any CPU.Build.0 = Release|Any CPU
	EndGlobalSection
	GlobalSection(SolutionProperties) = preSolution
		HideSolutionNode = FALSE
	EndGlobalSection
EndGlobal
